
Microsoft Visual Studio Solution File, Format Version 12.00
# Visual Studio Version 16
VisualStudioVersion = 16.0.31702.278
MinimumVisualStudioVersion = 10.0.40219.1
Project("{FAE04EC0-301F-11D3-BF4B-00C04F79EFBC}") = "ImageTutorial.Android", "ImageTutorial\ImageTutorial.Android\ImageTutorial.Android.csproj", "{5C31CF8C-9F38-49E0-932D-DA7151C87047}"
EndProject
Project("{FAE04EC0-301F-11D3-BF4B-00C04F79EFBC}") = "ImageTutorial.iOS", "ImageTutorial\ImageTutorial.iOS\ImageTutorial.iOS.csproj", "{1F3020EF-883C-448B-9309-C95EED384FED}"
EndProject
Project("{FAE04EC0-301F-11D3-BF4B-00C04F79EFBC}") = "ImageTutorial", "ImageTutorial\ImageTutorial\ImageTutorial.csproj", "{E6B584C4-404E-417E-AB4C-2AC06CCCB66A}"
EndProject
Global
	GlobalSection(SolutionConfigurationPlatforms) = preSolution
		Debug|Any CPU = Debug|Any CPU
		Debug|iPhone = Debug|iPhone
		Debug|iPhoneSimulator = Debug|iPhoneSimulator
		Release|Any CPU = Release|Any CPU
		Release|iPhone = Release|iPhone
		Release|iPhoneSimulator = Release|iPhoneSimulator
	EndGlobalSection
	GlobalSection(ProjectConfigurationPlatforms) = postSolution
		{5C31CF8C-9F38-49E0-932D-DA7151C87047}.Debug|Any CPU.ActiveCfg = Debug|Any CPU
		{5C31CF8C-9F38-49E0-932D-DA7151C87047}.Debug|Any CPU.Build.0 = Debug|Any CPU
		{5C31CF8C-9F38-49E0-932D-DA7151C87047}.Debug|Any CPU.Deploy.0 = Debug|Any CPU
		{5C31CF8C-9F38-49E0-932D-DA7151C87047}.Debug|iPhone.ActiveCfg = Debug|Any CPU
		{5C31CF8C-9F38-49E0-932D-DA7151C87047}.Debug|iPhone.Build.0 = Debug|Any CPU
		{5C31CF8C-9F38-49E0-932D-DA7151C87047}.Debug|iPhone.Deploy.0 = Debug|Any CPU
		{5C31CF8C-9F38-49E0-932D-DA7151C87047}.Debug|iPhoneSimulator.ActiveCfg = Debug|Any CPU
		{5C31CF8C-9F38-49E0-932D-DA7151C87047}.Debug|iPhoneSimulator.Build.0 = Debug|Any CPU
		{5C31CF8C-9F38-49E0-932D-DA7151C87047}.Debug|iPhoneSimulator.Deploy.0 = Debug|Any CPU
		{5C31CF8C-9F38-49E0-932D-DA7151C87047}.Release|Any CPU.ActiveCfg = Release|Any CPU
		{5C31CF8C-9F38-49E0-932D-DA7151C87047}.Release|Any CPU.Build.0 = Release|Any CPU
		{5C31CF8C-9F38-49E0-932D-DA7151C87047}.Release|Any CPU.Deploy.0 = Release|Any CPU
		{5C31CF8C-9F38-49E0-932D-DA7151C87047}.Release|iPhone.ActiveCfg = Release|Any CPU
		{5C31CF8C-9F38-49E0-932D-DA7151C87047}.Release|iPhone.Build.0 = Release|Any CPU
		{5C31CF8C-9F38-49E0-932D-DA7151C87047}.Release|iPhone.Deploy.0 = Release|Any CPU
		{5C31CF8C-9F38-49E0-932D-DA7151C87047}.Release|iPhoneSimulator.ActiveCfg = Release|Any CPU
		{5C31CF8C-9F38-49E0-932D-DA7151C87047}.Release|iPhoneSimulator.Build.0 = Release|Any CPU
		{5C31CF8C-9F38-49E0-932D-DA7151C87047}.Release|iPhoneSimulator.Deploy.0 = Release|Any CPU
		{1F3020EF-883C-448B-9309-C95EED384FED}.Debug|Any CPU.ActiveCfg = Debug|iPhone
		{1F3020EF-883C-448B-9309-C95EED384FED}.Debug|Any CPU.Build.0 = Debug|iPhone
		{1F3020EF-883C-448B-9309-C95EED384FED}.Debug|Any CPU.Deploy.0 = Debug|iPhone
		{1F3020EF-883C-448B-9309-C95EED384FED}.Debug|iPhone.ActiveCfg = Debug|iPhone
		{1F3020EF-883C-448B-9309-C95EED384FED}.Debug|iPhone.Build.0 = Debug|iPhone
		{1F3020EF-883C-448B-9309-C95EED384FED}.Debug|iPhone.Deploy.0 = Debug|iPhone
		{1F3020EF-883C-448B-9309-C95EED384FED}.Debug|iPhoneSimulator.ActiveCfg = Debug|iPhoneSimulator
		{1F3020EF-883C-448B-9309-C95EED384FED}.Debug|iPhoneSimulator.Build.0 = Debug|iPhoneSimulator
		{1F3020EF-883C-448B-9309-C95EED384FED}.Debug|iPhoneSimulator.Deploy.0 = Debug|iPhoneSimulator
		{1F3020EF-883C-448B-9309-C95EED384FED}.Release|Any CPU.ActiveCfg = Release|iPhoneSimulator
		{1F3020EF-883C-448B-9309-C95EED384FED}.Release|Any CPU.Build.0 = Release|iPhoneSimulator
		{1F3020EF-883C-448B-9309-C95EED384FED}.Release|Any CPU.Deploy.0 = Release|iPhoneSimulator
		{1F3020EF-883C-448B-9309-C95EED384FED}.Release|iPhone.ActiveCfg = Release|iPhone
		{1F3020EF-883C-448B-9309-C95EED384FED}.Release|iPhone.Build.0 = Release|iPhone
		{1F3020EF-883C-448B-9309-C95EED384FED}.Release|iPhone.Deploy.0 = Release|iPhone
		{1F3020EF-883C-448B-9309-C95EED384FED}.Release|iPhoneSimulator.ActiveCfg = Release|iPhoneSimulator
		{1F3020EF-883C-448B-9309-C95EED384FED}.Release|iPhoneSimulator.Build.0 = Release|iPhoneSimulator
		{1F3020EF-883C-448B-9309-C95EED384FED}.Release|iPhoneSimulator.Deploy.0 = Release|iPhoneSimulator
		{E6B584C4-404E-417E-AB4C-2AC06CCCB66A}.Debug|Any CPU.ActiveCfg = Debug|Any CPU
		{E6B584C4-404E-417E-AB4C-2AC06CCCB66A}.Debug|Any CPU.Build.0 = Debug|Any CPU
		{E6B584C4-404E-417E-AB4C-2AC06CCCB66A}.Debug|Any CPU.Deploy.0 = Debug|Any CPU
		{E6B584C4-404E-417E-AB4C-2AC06CCCB66A}.Debug|iPhone.ActiveCfg = Debug|Any CPU
		{E6B584C4-404E-417E-AB4C-2AC06CCCB66A}.Debug|iPhone.Build.0 = Debug|Any CPU
		{E6B584C4-404E-417E-AB4C-2AC06CCCB66A}.Debug|iPhone.Deploy.0 = Debug|Any CPU
		{E6B584C4-404E-417E-AB4C-2AC06CCCB66A}.Debug|iPhoneSimulator.ActiveCfg = Debug|Any CPU
		{E6B584C4-404E-417E-AB4C-2AC06CCCB66A}.Debug|iPhoneSimulator.Build.0 = Debug|Any CPU
		{E6B584C4-404E-417E-AB4C-2AC06CCCB66A}.Debug|iPhoneSimulator.Deploy.0 = Debug|Any CPU
		{E6B584C4-404E-417E-AB4C-2AC06CCCB66A}.Release|Any CPU.ActiveCfg = Release|Any CPU
		{E6B584C4-404E-417E-AB4C-2AC06CCCB66A}.Release|Any CPU.Build.0 = Release|Any CPU
		{E6B584C4-404E-417E-AB4C-2AC06CCCB66A}.Release|Any CPU.Deploy.0 = Release|Any CPU
		{E6B584C4-404E-417E-AB4C-2AC06CCCB66A}.Release|iPhone.ActiveCfg = Release|Any CPU
		{E6B584C4-404E-417E-AB4C-2AC06CCCB66A}.Release|iPhone.Build.0 = Release|Any CPU
		{E6B584C4-404E-417E-AB4C-2AC06CCCB66A}.Release|iPhone.Deploy.0 = Release|Any CPU
		{E6B584C4-404E-417E-AB4C-2AC06CCCB66A}.Release|iPhoneSimulator.ActiveCfg = Release|Any CPU
		{E6B584C4-404E-417E-AB4C-2AC06CCCB66A}.Release|iPhoneSimulator.Build.0 = Release|Any CPU
		{E6B584C4-404E-417E-AB4C-2AC06CCCB66A}.Release|iPhoneSimulator.Deploy.0 = Release|Any CPU
	EndGlobalSection
	GlobalSection(SolutionProperties) = preSolution
		HideSolutionNode = FALSE
	EndGlobalSection
	GlobalSection(ExtensibilityGlobals) = postSolution
		SolutionGuid = {B1498B55-9B09-4867-9DC6-2189A713FA24}
	EndGlobalSection
EndGlobal
